
Microsoft Visual Studio Solution File, Format Version 12.00
# Visual Studio 15
VisualStudioVersion = 15.0.27703.2000
MinimumVisualStudioVersion = 10.0.40219.1
Project("{8BC9CEB8-8B4A-11D0-8D11-00A0C91BC942}") = "QQBot", "QQBot\QQBot.vcxproj", "{EC6FB333-F85F-4AD3-8792-33E1C62734BA}"
EndProject
Project("{2150E333-8FDC-42A3-9474-1A3956D46DE8}") = "Extern", "Extern", "{E5E98F7D-B53A-44CB-8945-91A1419297A4}"
EndProject
Project("{8BC9CEB8-8B4A-11D0-8D11-00A0C91BC942}") = "NatsuLib", "Extern\NatsuLib\NatsuLib\NatsuLib.vcxproj", "{E4F66019-9964-4B86-B538-E10F66124689}"
EndProject
Project("{8BC9CEB8-8B4A-11D0-8D11-00A0C91BC942}") = "zlib", "Extern\NatsuLib\NatsuLib\extern\zlib\zlib.vcxproj", "{0BFBD1A8-5638-4B35-BA03-8DB47F921B9B}"
EndProject
Project("{8BC9CEB8-8B4A-11D0-8D11-00A0C91BC942}") = "QQBot.Test", "QQBot.Test\QQBot.Test.vcxproj", "{81338DEA-3569-459E-9D73-609BC779B598}"
EndProject
Global
	GlobalSection(SolutionConfigurationPlatforms) = preSolution
		Debug|x64 = Debug|x64
		Debug|x86 = Debug|x86
		Release|x64 = Release|x64
		Release|x86 = Release|x86
	EndGlobalSection
	GlobalSection(ProjectConfigurationPlatforms) = postSolution
		{EC6FB333-F85F-4AD3-8792-33E1C62734BA}.Debug|x64.ActiveCfg = Debug|x64
		{EC6FB333-F85F-4AD3-8792-33E1C62734BA}.Debug|x64.Build.0 = Debug|x64
		{EC6FB333-F85F-4AD3-8792-33E1C62734BA}.Debug|x86.ActiveCfg = Debug|Win32
		{EC6FB333-F85F-4AD3-8792-33E1C62734BA}.Debug|x86.Build.0 = Debug|Win32
		{EC6FB333-F85F-4AD3-8792-33E1C62734BA}.Release|x64.ActiveCfg = Release|x64
		{EC6FB333-F85F-4AD3-8792-33E1C62734BA}.Release|x64.Build.0 = Release|x64
		{EC6FB333-F85F-4AD3-8792-33E1C62734BA}.Release|x86.ActiveCfg = Release|Win32
		{EC6FB333-F85F-4AD3-8792-33E1C62734BA}.Release|x86.Build.0 = Release|Win32
		{E4F66019-9964-4B86-B538-E10F66124689}.Debug|x64.ActiveCfg = Debug|x64
		{E4F66019-9964-4B86-B538-E10F66124689}.Debug|x64.Build.0 = Debug|x64
		{E4F66019-9964-4B86-B538-E10F66124689}.Debug|x86.ActiveCfg = Debug|Win32
		{E4F66019-9964-4B86-B538-E10F66124689}.Debug|x86.Build.0 = Debug|Win32
		{E4F66019-9964-4B86-B538-E10F66124689}.Release|x64.ActiveCfg = Release|x64
		{E4F66019-9964-4B86-B538-E10F66124689}.Release|x64.Build.0 = Release|x64
		{E4F66019-9964-4B86-B538-E10F66124689}.Release|x86.ActiveCfg = Release|Win32
		{E4F66019-9964-4B86-B538-E10F66124689}.Release|x86.Build.0 = Release|Win32
		{0BFBD1A8-5638-4B35-BA03-8DB47F921B9B}.Debug|x64.ActiveCfg = Debug|x64
		{0BFBD1A8-5638-4B35-BA03-8DB47F921B9B}.Debug|x64.Build.0 = Debug|x64
		{0BFBD1A8-5638-4B35-BA03-8DB47F921B9B}.Debug|x86.ActiveCfg = Debug|Win32
		{0BFBD1A8-5638-4B35-BA03-8DB47F921B9B}.Debug|x86.Build.0 = Debug|Win32
		{0BFBD1A8-5638-4B35-BA03-8DB47F921B9B}.Release|x64.ActiveCfg = Release|x64
		{0BFBD1A8-5638-4B35-BA03-8DB47F921B9B}.Release|x64.Build.0 = Release|x64
		{0BFBD1A8-5638-4B35-BA03-8DB47F921B9B}.Release|x86.ActiveCfg = Release|Win32
		{0BFBD1A8-5638-4B35-BA03-8DB47F921B9B}.Release|x86.Build.0 = Release|Win32
		{81338DEA-3569-459E-9D73-609BC779B598}.Debug|x64.ActiveCfg = Debug|x64
		{81338DEA-3569-459E-9D73-609BC779B598}.Debug|x64.Build.0 = Debug|x64
		{81338DEA-3569-459E-9D73-609BC779B598}.Debug|x86.ActiveCfg = Debug|Win32
		{81338DEA-3569-459E-9D73-609BC779B598}.Debug|x86.Build.0 = Debug|Win32
		{81338DEA-3569-459E-9D73-609BC779B598}.Release|x64.ActiveCfg = Release|x64
		{81338DEA-3569-459E-9D73-609BC779B598}.Release|x64.Build.0 = Release|x64
		{81338DEA-3569-459E-9D73-609BC779B598}.Release|x86.ActiveCfg = Release|Win32
		{81338DEA-3569-459E-9D73-609BC779B598}.Release|x86.Build.0 = Release|Win32
	EndGlobalSection
	GlobalSection(SolutionProperties) = preSolution
		HideSolutionNode = FALSE
	EndGlobalSection
	GlobalSection(NestedProjects) = preSolution
		{E4F66019-9964-4B86-B538-E10F66124689} = {E5E98F7D-B53A-44CB-8945-91A1419297A4}
		{0BFBD1A8-5638-4B35-BA03-8DB47F921B9B} = {E5E98F7D-B53A-44CB-8945-91A1419297A4}
	EndGlobalSection
	GlobalSection(ExtensibilityGlobals) = postSolution
		SolutionGuid = {DE7C4F01-4600-477A-896C-FCD96079C37D}
	EndGlobalSection
EndGlobal
